
Microsoft Visual Studio Solution File, Format Version 12.00
# Visual Studio Version 16
VisualStudioVersion = 16.0.31112.23
MinimumVisualStudioVersion = 10.0.40219.1
Project("{FAE04EC0-301F-11D3-BF4B-00C04F79EFBC}") = "ChessConsole", "ChessConsole.csproj", "{D89A5326-CE6D-40F1-B059-DC9E4E26771C}"
EndProject
Global
	GlobalSection(SolutionConfigurationPlatforms) = preSolution
		Debug|Any CPU = Debug|Any CPU
		Release|Any CPU = Release|Any CPU
	EndGlobalSection
	GlobalSection(ProjectConfigurationPlatforms) = postSolution
		{D89A5326-CE6D-40F1-B059-DC9E4E26771C}.Debug|Any CPU.ActiveCfg = Debug|Any CPU
		{D89A5326-CE6D-40F1-B059-DC9E4E26771C}.Debug|Any CPU.Build.0 = Debug|Any CPU
		{D89A5326-CE6D-40F1-B059-DC9E4E26771C}.Release|Any CPU.ActiveCfg = Release|Any CPU
		{D89A5326-CE6D-40F1-B059-DC9E4E26771C}.Release|Any CPU.Build.0 = Release|Any CPU
	EndGlobalSection
	GlobalSection(SolutionProperties) = preSolution
		HideSolutionNode = FALSE
	EndGlobalSection
	GlobalSection(ExtensibilityGlobals) = postSolution
		SolutionGuid = {5060C1B3-940C-44B7-A06A-D2DCB75CCB3F}
	EndGlobalSection
EndGlobal
